{
    "version": 3,
    "terraform_version": "0.7.13",
    "serial": 2,
    "lineage": "eed8fe77-8184-4385-b58d-c962cc2b659f",
    "modules": [
        {
            "path": [
                "root"
            ],
            "outputs": {
                "address": {
                    "sensitive": false,
                    "type": "string",
                    "value": "terraform-example-elb-905737996.us-west-1.elb.amazonaws.com"
                },
                "ip": {
                    "sensitive": false,
                    "type": "string",
                    "value": "52.53.190.97"
                }
            },
            "resources": {
                "aws_elb.web": {
                    "type": "aws_elb",
                    "depends_on": [
                        "aws_instance.web",
                        "aws_security_group.elb",
                        "aws_subnet.default"
                    ],
                    "primary": {
                        "id": "terraform-example-elb",
                        "attributes": {
                            "access_logs.#": "0",
                            "availability_zones.#": "1",
                            "availability_zones.3205754986": "us-west-1a",
                            "connection_draining": "false",
                            "connection_draining_timeout": "300",
                            "cross_zone_load_balancing": "true",
                            "dns_name": "terraform-example-elb-905737996.us-west-1.elb.amazonaws.com",
                            "health_check.#": "1",
                            "health_check.0.healthy_threshold": "10",
                            "health_check.0.interval": "30",
                            "health_check.0.target": "TCP:80",
                            "health_check.0.timeout": "5",
                            "health_check.0.unhealthy_threshold": "2",
                            "id": "terraform-example-elb",
                            "idle_timeout": "60",
                            "instances.#": "1",
                            "instances.758485132": "i-0d5fee52",
                            "internal": "false",
                            "listener.#": "1",
                            "listener.3057123346.instance_port": "80",
                            "listener.3057123346.instance_protocol": "http",
                            "listener.3057123346.lb_port": "80",
                            "listener.3057123346.lb_protocol": "http",
                            "listener.3057123346.ssl_certificate_id": "",
                            "name": "terraform-example-elb",
                            "security_groups.#": "1",
                            "security_groups.2204248555": "sg-4753bb20",
                            "source_security_group": "137613771283/terraform_example_elb",
                            "source_security_group_id": "sg-4753bb20",
                            "subnets.#": "1",
                            "subnets.2499899060": "subnet-ddd76db9",
                            "tags.%": "0",
                            "zone_id": "Z368ELLRRE2KJ0"
                        },
                        "meta": {},
                        "tainted": false
                    },
                    "deposed": [],
                    "provider": ""
                },
                "aws_instance.web": {
                    "type": "aws_instance",
                    "depends_on": [
                        "aws_key_pair.auth",
                        "aws_security_group.default",
                        "aws_subnet.default"
                    ],
                    "primary": {
                        "id": "i-0d5fee52",
                        "attributes": {
                            "ami": "ami-6e165d0e",
                            "associate_public_ip_address": "true",
                            "availability_zone": "us-west-1a",
                            "disable_api_termination": "false",
                            "ebs_block_device.#": "0",
                            "ebs_optimized": "false",
                            "ephemeral_block_device.#": "0",
                            "iam_instance_profile": "",
                            "id": "i-0d5fee52",
                            "instance_state": "running",
                            "instance_type": "t2.micro",
                            "key_name": "terraform",
                            "monitoring": "false",
                            "network_interface_id": "eni-d3b24cf9",
                            "private_dns": "ip-10-0-1-75.us-west-1.compute.internal",
                            "private_ip": "10.0.1.75",
                            "public_dns": "",
                            "public_ip": "52.53.190.97",
                            "root_block_device.#": "1",
                            "root_block_device.0.delete_on_termination": "true",
                            "root_block_device.0.iops": "100",
                            "root_block_device.0.volume_size": "8",
                            "root_block_device.0.volume_type": "gp2",
                            "security_groups.#": "0",
                            "source_dest_check": "true",
                            "subnet_id": "subnet-ddd76db9",
                            "tags.%": "0",
                            "tenancy": "default",
                            "vpc_security_group_ids.#": "1",
                            "vpc_security_group_ids.1376916169": "sg-4653bb21"
                        },
                        "meta": {
                            "schema_version": "1"
                        },
                        "tainted": false
                    },
                    "deposed": [],
                    "provider": ""
                },
                "aws_internet_gateway.default": {
                    "type": "aws_internet_gateway",
                    "depends_on": [
                        "aws_vpc.default"
                    ],
                    "primary": {
                        "id": "igw-3d440058",
                        "attributes": {
                            "id": "igw-3d440058",
                            "tags.%": "0",
                            "vpc_id": "vpc-c3de2ba7"
                        },
                        "meta": {},
                        "tainted": false
                    },
                    "deposed": [],
                    "provider": ""
                },
                "aws_key_pair.auth": {
                    "type": "aws_key_pair",
                    "depends_on": [],
                    "primary": {
                        "id": "terraform",
                        "attributes": {
                            "fingerprint": "12:e9:47:92:a7:97:53:b4:70:b0:0f:ce:e6:17:02:ec",
                            "id": "terraform",
                            "key_name": "terraform",
                            "public_key": "ssh-rsa AAAAB3NzaC1yc2EAAAADAQABAAACAQDIxuOONYEhZc8tZXrG8wu6XJO4Hh6uSZYrr/eLOxrOvY25dL8umT3NY3Pjp3E/4Pvdy3HsiEoz9Rk7dgAr0cv4Sc7AMvPHatJTQSjZseHy7UxLFIau/XyCgq6B02iZdqkd1CtHVbB9MIOJWqBdcimXPv7jcLmRMiRC7M5p+mum9tHz5inkIXh9A+052PU5XUKooQgJUblECgJoolW7YW7Y2V+KwF11CBN4TorLTxv+21/ThUC8LgUjecjxaFCTQYOe6xa1HYVu+C44omCIKt+Yttr1M70qQzpTU304bTOYu0jOyzO8RuCIXBOvlsuis0QQDzxfYcviV7hJBOL95ZgigPzyPPCbgs9Vn5h6lYmtnKSKx+QC/atZdV7xzx50K8dYE8j8MN/P3YS4gazzkI7RobfOjxaHQVGA5GXeOfEPtxoVyT1oAayV1Fg5bMx69ugVGVzfDwhAH6tm3uJKzh8KksniK0hk/BGEx+N+jL1pM7byPs+K8hCZj59Thw1Melcc6+4wpu2y0DiCGkShny5KQpl50oxKOiyycl5DFhDlG0iMOBjyID5K+GufP3B38CMX3bIrVOHdaEpSNTvFxF0PSbCRXS9jAm8LalAoZ2zzvQ8dfJIFLccC7kk9D9GcxRjgSMJr9unIi/FMfYn9LswoPEh96FXZ+CjNeWrc7pv/JQ== yanghongshun@gmail.com"
                        },
                        "meta": {
                            "schema_version": "1"
                        },
                        "tainted": false
                    },
                    "deposed": [],
                    "provider": ""
                },
                "aws_route.internet_access": {
                    "type": "aws_route",
                    "depends_on": [
                        "aws_internet_gateway.default",
                        "aws_vpc.default"
                    ],
                    "primary": {
                        "id": "r-rtb-e923fc8d1080289494",
                        "attributes": {
                            "destination_cidr_block": "0.0.0.0/0",
                            "destination_prefix_list_id": "",
                            "gateway_id": "igw-3d440058",
                            "id": "r-rtb-e923fc8d1080289494",
                            "instance_id": "",
                            "instance_owner_id": "",
                            "nat_gateway_id": "",
                            "network_interface_id": "",
                            "origin": "CreateRoute",
                            "route_table_id": "rtb-e923fc8d",
                            "state": "active",
                            "vpc_peering_connection_id": ""
                        },
                        "meta": {},
                        "tainted": false
                    },
                    "deposed": [],
                    "provider": ""
                },
                "aws_security_group.default": {
                    "type": "aws_security_group",
                    "depends_on": [
                        "aws_vpc.default"
                    ],
                    "primary": {
                        "id": "sg-4653bb21",
                        "attributes": {
                            "description": "Used in the terraform",
                            "egress.#": "1",
                            "egress.482069346.cidr_blocks.#": "1",
                            "egress.482069346.cidr_blocks.0": "0.0.0.0/0",
                            "egress.482069346.from_port": "0",
                            "egress.482069346.prefix_list_ids.#": "0",
                            "egress.482069346.protocol": "-1",
                            "egress.482069346.security_groups.#": "0",
                            "egress.482069346.self": "false",
                            "egress.482069346.to_port": "0",
                            "id": "sg-4653bb21",
                            "ingress.#": "2",
                            "ingress.2165049311.cidr_blocks.#": "1",
                            "ingress.2165049311.cidr_blocks.0": "10.0.0.0/16",
                            "ingress.2165049311.from_port": "80",
                            "ingress.2165049311.protocol": "tcp",
                            "ingress.2165049311.security_groups.#": "0",
                            "ingress.2165049311.self": "false",
                            "ingress.2165049311.to_port": "80",
                            "ingress.2541437006.cidr_blocks.#": "1",
                            "ingress.2541437006.cidr_blocks.0": "0.0.0.0/0",
                            "ingress.2541437006.from_port": "22",
                            "ingress.2541437006.protocol": "tcp",
                            "ingress.2541437006.security_groups.#": "0",
                            "ingress.2541437006.self": "false",
                            "ingress.2541437006.to_port": "22",
                            "name": "terraform_example",
                            "owner_id": "137613771283",
                            "tags.%": "0",
                            "vpc_id": "vpc-c3de2ba7"
                        },
                        "meta": {},
                        "tainted": false
                    },
                    "deposed": [],
                    "provider": ""
                },
                "aws_security_group.elb": {
                    "type": "aws_security_group",
                    "depends_on": [
                        "aws_vpc.default"
                    ],
                    "primary": {
                        "id": "sg-4753bb20",
                        "attributes": {
                            "description": "Used in the terraform",
                            "egress.#": "1",
                            "egress.482069346.cidr_blocks.#": "1",
                            "egress.482069346.cidr_blocks.0": "0.0.0.0/0",
                            "egress.482069346.from_port": "0",
                            "egress.482069346.prefix_list_ids.#": "0",
                            "egress.482069346.protocol": "-1",
                            "egress.482069346.security_groups.#": "0",
                            "egress.482069346.self": "false",
                            "egress.482069346.to_port": "0",
                            "id": "sg-4753bb20",
                            "ingress.#": "1",
                            "ingress.2214680975.cidr_blocks.#": "1",
                            "ingress.2214680975.cidr_blocks.0": "0.0.0.0/0",
                            "ingress.2214680975.from_port": "80",
                            "ingress.2214680975.protocol": "tcp",
                            "ingress.2214680975.security_groups.#": "0",
                            "ingress.2214680975.self": "false",
                            "ingress.2214680975.to_port": "80",
                            "name": "terraform_example_elb",
                            "owner_id": "137613771283",
                            "tags.%": "0",
                            "vpc_id": "vpc-c3de2ba7"
                        },
                        "meta": {},
                        "tainted": false
                    },
                    "deposed": [],
                    "provider": ""
                },
                "aws_subnet.default": {
                    "type": "aws_subnet",
                    "depends_on": [
                        "aws_vpc.default"
                    ],
                    "primary": {
                        "id": "subnet-ddd76db9",
                        "attributes": {
                            "availability_zone": "us-west-1a",
                            "cidr_block": "10.0.1.0/24",
                            "id": "subnet-ddd76db9",
                            "map_public_ip_on_launch": "true",
                            "tags.%": "0",
                            "vpc_id": "vpc-c3de2ba7"
                        },
                        "meta": {},
                        "tainted": false
                    },
                    "deposed": [],
                    "provider": ""
                },
                "aws_vpc.default": {
                    "type": "aws_vpc",
                    "depends_on": [],
                    "primary": {
                        "id": "vpc-c3de2ba7",
                        "attributes": {
                            "cidr_block": "10.0.0.0/16",
                            "default_network_acl_id": "acl-b770a7d3",
                            "default_route_table_id": "rtb-e923fc8d",
                            "default_security_group_id": "sg-7b53bb1c",
                            "dhcp_options_id": "dopt-a65f69c3",
                            "enable_classiclink": "false",
                            "enable_dns_hostnames": "false",
                            "enable_dns_support": "true",
                            "id": "vpc-c3de2ba7",
                            "instance_tenancy": "default",
                            "main_route_table_id": "rtb-e923fc8d",
                            "tags.%": "0"
                        },
                        "meta": {},
                        "tainted": false
                    },
                    "deposed": [],
                    "provider": ""
                }
            },
            "depends_on": []
        }
    ]
}
